
Microsoft Visual Studio Solution File, Format Version 12.00
# Visual Studio Version 17
VisualStudioVersion = 17.5.002.0
MinimumVisualStudioVersion = 10.0.40219.1
Project("{9A19103F-16F7-4668-BE54-9A1E7A4F7556}") = "projeto55", "projeto55\projeto55.csproj", "{ED3D11D8-E85B-4DDD-A358-2BB1D2C06E8D}"
EndProject
Global
	GlobalSection(SolutionConfigurationPlatforms) = preSolution
		Debug|Any CPU = Debug|Any CPU
		Release|Any CPU = Release|Any CPU
	EndGlobalSection
	GlobalSection(ProjectConfigurationPlatforms) = postSolution
		{ED3D11D8-E85B-4DDD-A358-2BB1D2C06E8D}.Debug|Any CPU.ActiveCfg = Debug|Any CPU
		{ED3D11D8-E85B-4DDD-A358-2BB1D2C06E8D}.Debug|Any CPU.Build.0 = Debug|Any CPU
		{ED3D11D8-E85B-4DDD-A358-2BB1D2C06E8D}.Release|Any CPU.ActiveCfg = Release|Any CPU
		{ED3D11D8-E85B-4DDD-A358-2BB1D2C06E8D}.Release|Any CPU.Build.0 = Release|Any CPU
	EndGlobalSection
	GlobalSection(SolutionProperties) = preSolution
		HideSolutionNode = FALSE
	EndGlobalSection
	GlobalSection(ExtensibilityGlobals) = postSolution
		SolutionGuid = {C112F2F7-0554-486A-8824-23855F11A091}
	EndGlobalSection
EndGlobal
